Microsoft Visual Studio Solution File, Format Version 12.00
# Visual Studio Version 16
VisualStudioVersion = 16.0.0.0
MinimumVisualStudioVersion = 16.0.0.0
Project("{9A19103F-16F7-4668-BE54-9A1E7A4F7556}") = "popcorntime.Server", "Server\popcorntime.Server.csproj", "{0CF273A8-A0CC-4A7C-96CC-B61602998A2E}"
EndProject
Project("{9A19103F-16F7-4668-BE54-9A1E7A4F7556}") = "popcorntime.Client", "Client\popcorntime.Client.csproj", "{E5B8ED4E-ACD6-4323-AC1C-29A97D823738}"
EndProject
Project("{9A19103F-16F7-4668-BE54-9A1E7A4F7556}") = "popcorntime.Shared", "Shared\popcorntime.Shared.csproj", "{3C2C5D8E-5875-495F-959A-031E15A5FB6F}"
EndProject
Global
	GlobalSection(SolutionConfigurationPlatforms) = preSolution
		Debug|Any CPU = Debug|Any CPU
		Debug|x64 = Debug|x64
		Debug|x86 = Debug|x86
		Release|Any CPU = Release|Any CPU
		Release|x64 = Release|x64
		Release|x86 = Release|x86
	EndGlobalSection
	GlobalSection(ProjectConfigurationPlatforms) = postSolution
		{E5B8ED4E-ACD6-4323-AC1C-29A97D823738}.Debug|Any CPU.ActiveCfg = Debug|Any CPU
		{E5B8ED4E-ACD6-4323-AC1C-29A97D823738}.Debug|Any CPU.Build.0 = Debug|Any CPU
		{E5B8ED4E-ACD6-4323-AC1C-29A97D823738}.Debug|x64.ActiveCfg = Debug|Any CPU
		{E5B8ED4E-ACD6-4323-AC1C-29A97D823738}.Debug|x64.Build.0 = Debug|Any CPU
		{E5B8ED4E-ACD6-4323-AC1C-29A97D823738}.Debug|x86.ActiveCfg = Debug|Any CPU
		{E5B8ED4E-ACD6-4323-AC1C-29A97D823738}.Debug|x86.Build.0 = Debug|Any CPU
		{E5B8ED4E-ACD6-4323-AC1C-29A97D823738}.Release|Any CPU.ActiveCfg = Release|Any CPU
		{E5B8ED4E-ACD6-4323-AC1C-29A97D823738}.Release|Any CPU.Build.0 = Release|Any CPU
		{E5B8ED4E-ACD6-4323-AC1C-29A97D823738}.Release|x64.ActiveCfg = Release|Any CPU
		{E5B8ED4E-ACD6-4323-AC1C-29A97D823738}.Release|x64.Build.0 = Release|Any CPU
		{E5B8ED4E-ACD6-4323-AC1C-29A97D823738}.Release|x86.ActiveCfg = Release|Any CPU
		{E5B8ED4E-ACD6-4323-AC1C-29A97D823738}.Release|x86.Build.0 = Release|Any CPU
		{0CF273A8-A0CC-4A7C-96CC-B61602998A2E}.Debug|Any CPU.ActiveCfg = Debug|Any CPU
		{0CF273A8-A0CC-4A7C-96CC-B61602998A2E}.Debug|Any CPU.Build.0 = Debug|Any CPU
		{0CF273A8-A0CC-4A7C-96CC-B61602998A2E}.Debug|x64.ActiveCfg = Debug|Any CPU
		{0CF273A8-A0CC-4A7C-96CC-B61602998A2E}.Debug|x64.Build.0 = Debug|Any CPU
		{0CF273A8-A0CC-4A7C-96CC-B61602998A2E}.Debug|x86.ActiveCfg = Debug|Any CPU
		{0CF273A8-A0CC-4A7C-96CC-B61602998A2E}.Debug|x86.Build.0 = Debug|Any CPU
		{0CF273A8-A0CC-4A7C-96CC-B61602998A2E}.Release|Any CPU.ActiveCfg = Release|Any CPU
		{0CF273A8-A0CC-4A7C-96CC-B61602998A2E}.Release|Any CPU.Build.0 = Release|Any CPU
		{0CF273A8-A0CC-4A7C-96CC-B61602998A2E}.Release|x64.ActiveCfg = Release|Any CPU
		{0CF273A8-A0CC-4A7C-96CC-B61602998A2E}.Release|x64.Build.0 = Release|Any CPU
		{0CF273A8-A0CC-4A7C-96CC-B61602998A2E}.Release|x86.ActiveCfg = Release|Any CPU
		{0CF273A8-A0CC-4A7C-96CC-B61602998A2E}.Release|x86.Build.0 = Release|Any CPU
		{3C2C5D8E-5875-495F-959A-031E15A5FB6F}.Debug|Any CPU.ActiveCfg = Debug|Any CPU
		{3C2C5D8E-5875-495F-959A-031E15A5FB6F}.Debug|Any CPU.Build.0 = Debug|Any CPU
		{3C2C5D8E-5875-495F-959A-031E15A5FB6F}.Debug|x64.ActiveCfg = Debug|Any CPU
		{3C2C5D8E-5875-495F-959A-031E15A5FB6F}.Debug|x64.Build.0 = Debug|Any CPU
		{3C2C5D8E-5875-495F-959A-031E15A5FB6F}.Debug|x86.ActiveCfg = Debug|Any CPU
		{3C2C5D8E-5875-495F-959A-031E15A5FB6F}.Debug|x86.Build.0 = Debug|Any CPU
		{3C2C5D8E-5875-495F-959A-031E15A5FB6F}.Release|Any CPU.ActiveCfg = Release|Any CPU
		{3C2C5D8E-5875-495F-959A-031E15A5FB6F}.Release|Any CPU.Build.0 = Release|Any CPU
		{3C2C5D8E-5875-495F-959A-031E15A5FB6F}.Release|x64.ActiveCfg = Release|Any CPU
		{3C2C5D8E-5875-495F-959A-031E15A5FB6F}.Release|x64.Build.0 = Release|Any CPU
		{3C2C5D8E-5875-495F-959A-031E15A5FB6F}.Release|x86.ActiveCfg = Release|Any CPU
		{3C2C5D8E-5875-495F-959A-031E15A5FB6F}.Release|x86.Build.0 = Release|Any CPU
	EndGlobalSection
	GlobalSection(SolutionProperties) = preSolution
		HideSolutionNode = FALSE
	EndGlobalSection
	GlobalSection(ExtensibilityGlobals) = postSolution
		SolutionGuid = {21DFFA0D-E6A8-4ECD-A62E-6B4924E5E40A}
	EndGlobalSection
EndGlobal